// !$*UTF8*$!
{
	archiveVersion = 1;
	classes = {
	};
	objectVersion = 77;
	objects = {

/* Begin PBXBuildFile section */
		0D1203452DEE257000E7B37D /* HomePage.swift in Sources */ = {isa = PBXBuildFile; fileRef = 0D1203412DEE257000E7B37D /* HomePage.swift */; };
		0D1203462DEE257000E7B37D /* SafeAreaExampleApp.swift in Sources */ = {isa = PBXBuildFile; fileRef = 0D1203422DEE257000E7B37D /* SafeAreaExampleApp.swift */; };
		0D1203472DEE257000E7B37D /* Preview Assets.xcassets in Resources */ = {isa = PBXBuildFile; fileRef = 0D12033D2DEE257000E7B37D /* Preview Assets.xcassets */; };
		0D1203482DEE257000E7B37D /* Assets.xcassets in Resources */ = {isa = PBXBuildFile; fileRef = 0D1203402DEE257000E7B37D /* Assets.xcassets */; };
		0D12034E2DEE26F800E7B37D /* MasterCatalog.swift in Sources */ = {isa = PBXBuildFile; fileRef = 0D12034D2DEE26F800E7B37D /* MasterCatalog.swift */; };
		0D1203A32DEE344E00E7B37D /* Room1_13.swift in Sources */ = {isa = PBXBuildFile; fileRef = 0D12038E2DEE344E00E7B37D /* Room1_13.swift */; };
		0D1203A42DEE344E00E7B37D /* ABLow.swift in Sources */ = {isa = PBXBuildFile; fileRef = 0D1203922DEE344E00E7B37D /* ABLow.swift */; };
		0D1203A52DEE344E00E7B37D /* Other.swift in Sources */ = {isa = PBXBuildFile; fileRef = 0D1203932DEE344E00E7B37D /* Other.swift */; };
		0D1203A62DEE344E00E7B37D /* SchoolBlock.swift in Sources */ = {isa = PBXBuildFile; fileRef = 0D1203942DEE344E00E7B37D /* SchoolBlock.swift */; };
		0D4870B62DEE687D00DFE143 /* Houses.swift in Sources */ = {isa = PBXBuildFile; fileRef = 0D4870B52DEE687D00DFE143 /* Houses.swift */; };
		0D4870B82DEE790C00DFE143 /* MiscABLow.swift in Sources */ = {isa = PBXBuildFile; fileRef = 0D4870B72DEE790C00DFE143 /* MiscABLow.swift */; };
		0D4870BC2DEF245700DFE143 /* ABUp.swift in Sources */ = {isa = PBXBuildFile; fileRef = 0D4870BB2DEF245700DFE143 /* ABUp.swift */; };
		0D4870BD2DEF245700DFE143 /* Room20_37.swift in Sources */ = {isa = PBXBuildFile; fileRef = 0D4870B92DEF245700DFE143 /* Room20_37.swift */; };
		0D4870BE2DEF245700DFE143 /* MiscABUp.swift in Sources */ = {isa = PBXBuildFile; fileRef = 0D4870BA2DEF245700DFE143 /* MiscABUp.swift */; };
		0D4870C02DEF811B00DFE143 /* PhotoSphereEngine.swift in Sources */ = {isa = PBXBuildFile; fileRef = 0D4870BF2DEF811900DFE143 /* PhotoSphereEngine.swift */; };
		0D4870C22DEF813100DFE143 /* PSPlayground.swift in Sources */ = {isa = PBXBuildFile; fileRef = 0D4870C12DEF813100DFE143 /* PSPlayground.swift */; };
		0DE0DB7C2DF3B0D100A7D97C /* ABLowMap.swift in Sources */ = {isa = PBXBuildFile; fileRef = 0DE0DB772DF3B0D100A7D97C /* ABLowMap.swift */; };
		0DE0DB7D2DF3B0D100A7D97C /* ABUpMap.swift in Sources */ = {isa = PBXBuildFile; fileRef = 0DE0DB782DF3B0D100A7D97C /* ABUpMap.swift */; };
		0DE0DB7E2DF3B0D100A7D97C /* CampusMap.swift in Sources */ = {isa = PBXBuildFile; fileRef = 0DE0DB792DF3B0D100A7D97C /* CampusMap.swift */; };
		0DE0DB7F2DF3B0D100A7D97C /* TrailMap.swift in Sources */ = {isa = PBXBuildFile; fileRef = 0DE0DB7A2DF3B0D100A7D97C /* TrailMap.swift */; };
		0DE411D22DF1FAFD00E6BCF9 /* RawMap.swift in Sources */ = {isa = PBXBuildFile; fileRef = 0DE411D12DF1FAFD00E6BCF9 /* RawMap.swift */; };
		0DE428AD2DF3BB640038E925 /* About.swift in Sources */ = {isa = PBXBuildFile; fileRef = 0DE428AC2DF3BB640038E925 /* About.swift */; };
/* End PBXBuildFile section */

/* Begin PBXFileReference section */
		0D12033D2DEE257000E7B37D /* Preview Assets.xcassets */ = {isa = PBXFileReference; lastKnownFileType = folder.assetcatalog; path = "Preview Assets.xcassets"; sourceTree = "<group>"; };
		0D1203402DEE257000E7B37D /* Assets.xcassets */ = {isa = PBXFileReference; lastKnownFileType = folder.assetcatalog; path = Assets.xcassets; sourceTree = "<group>"; };
		0D1203412DEE257000E7B37D /* HomePage.swift */ = {isa = PBXFileReference; lastKnownFileType = sourcecode.swift; path = HomePage.swift; sourceTree = "<group>"; };
		0D1203422DEE257000E7B37D /* SafeAreaExampleApp.swift */ = {isa = PBXFileReference; lastKnownFileType = sourcecode.swift; path = SafeAreaExampleApp.swift; sourceTree = "<group>"; };
		0D12034D2DEE26F800E7B37D /* MasterCatalog.swift */ = {isa = PBXFileReference; lastKnownFileType = sourcecode.swift; path = MasterCatalog.swift; sourceTree = "<group>"; };
		0D12038E2DEE344E00E7B37D /* Room1_13.swift */ = {isa = PBXFileReference; lastKnownFileType = sourcecode.swift; path = Room1_13.swift; sourceTree = "<group>"; };
		0D1203922DEE344E00E7B37D /* ABLow.swift */ = {isa = PBXFileReference; lastKnownFileType = sourcecode.swift; path = ABLow.swift; sourceTree = "<group>"; };
		0D1203932DEE344E00E7B37D /* Other.swift */ = {isa = PBXFileReference; lastKnownFileType = sourcecode.swift; path = Other.swift; sourceTree = "<group>"; };
		0D1203942DEE344E00E7B37D /* SchoolBlock.swift */ = {isa = PBXFileReference; lastKnownFileType = sourcecode.swift; path = SchoolBlock.swift; sourceTree = "<group>"; };
		0D4870B52DEE687D00DFE143 /* Houses.swift */ = {isa = PBXFileReference; fileEncoding = 4; lastKnownFileType = sourcecode.swift; path = Houses.swift; sourceTree = "<group>"; };
		0D4870B72DEE790C00DFE143 /* MiscABLow.swift */ = {isa = PBXFileReference; lastKnownFileType = sourcecode.swift; path = MiscABLow.swift; sourceTree = "<group>"; };
		0D4870B92DEF245700DFE143 /* Room20_37.swift */ = {isa = PBXFileReference; lastKnownFileType = sourcecode.swift; path = Room20_37.swift; sourceTree = "<group>"; };
		0D4870BA2DEF245700DFE143 /* MiscABUp.swift */ = {isa = PBXFileReference; lastKnownFileType = sourcecode.swift; path = MiscABUp.swift; sourceTree = "<group>"; };
		0D4870BB2DEF245700DFE143 /* ABUp.swift */ = {isa = PBXFileReference; lastKnownFileType = sourcecode.swift; path = ABUp.swift; sourceTree = "<group>"; };
		0D4870BF2DEF811900DFE143 /* PhotoSphereEngine.swift */ = {isa = PBXFileReference; lastKnownFileType = sourcecode.swift; path = PhotoSphereEngine.swift; sourceTree = "<group>"; };
		0D4870C12DEF813100DFE143 /* PSPlayground.swift */ = {isa = PBXFileReference; lastKnownFileType = sourcecode.swift; path = PSPlayground.swift; sourceTree = "<group>"; };
		0DE0DB772DF3B0D100A7D97C /* ABLowMap.swift */ = {isa = PBXFileReference; lastKnownFileType = sourcecode.swift; path = ABLowMap.swift; sourceTree = "<group>"; };
		0DE0DB782DF3B0D100A7D97C /* ABUpMap.swift */ = {isa = PBXFileReference; lastKnownFileType = sourcecode.swift; path = ABUpMap.swift; sourceTree = "<group>"; };
		0DE0DB792DF3B0D100A7D97C /* CampusMap.swift */ = {isa = PBXFileReference; lastKnownFileType = sourcecode.swift; path = CampusMap.swift; sourceTree = "<group>"; };
		0DE0DB7A2DF3B0D100A7D97C /* TrailMap.swift */ = {isa = PBXFileReference; lastKnownFileType = sourcecode.swift; path = TrailMap.swift; sourceTree = "<group>"; };
		0DE411D12DF1FAFD00E6BCF9 /* RawMap.swift */ = {isa = PBXFileReference; lastKnownFileType = sourcecode.swift; path = RawMap.swift; sourceTree = "<group>"; };
		0DE428AC2DF3BB640038E925 /* About.swift */ = {isa = PBXFileReference; lastKnownFileType = sourcecode.swift; path = About.swift; sourceTree = "<group>"; };
		81DE690F2DD385B800315C5A /* SafeAreaExample.app */ = {isa = PBXFileReference; explicitFileType = wrapper.application; includeInIndex = 0; path = SafeAreaExample.app; sourceTree = BUILT_PRODUCTS_DIR; };
/* End PBXFileReference section */

/* Begin PBXFrameworksBuildPhase section */
		81DE690C2DD385B800315C5A /* Frameworks */ = {
			isa = PBXFrameworksBuildPhase;
			buildActionMask = 2147483647;
			files = (
			);
			runOnlyForDeploymentPostprocessing = 0;
		};
/* End PBXFrameworksBuildPhase section */

/* Begin PBXGroup section */
		0D12033F2DEE257000E7B37D /* Preview Content */ = {
			isa = PBXGroup;
			children = (
			);
			path = "Preview Content";
			sourceTree = "<group>";
		};
		0D1203432DEE257000E7B37D /* SafeAreaExample */ = {
			isa = PBXGroup;
			children = (
				0D1203422DEE257000E7B37D /* SafeAreaExampleApp.swift */,
				0D12034A2DEE25B600E7B37D /* Views */,
				0D1203492DEE25A700E7B37D /* Subviews */,
				0D12033D2DEE257000E7B37D /* Preview Assets.xcassets */,
				0D12033F2DEE257000E7B37D /* Preview Content */,
				0D1203402DEE257000E7B37D /* Assets.xcassets */,
			);
			path = SafeAreaExample;
			sourceTree = "<group>";
		};
		0D1203492DEE25A700E7B37D /* Subviews */ = {
			isa = PBXGroup;
			children = (
				0D12034D2DEE26F800E7B37D /* MasterCatalog.swift */,
				0DE411D12DF1FAFD00E6BCF9 /* RawMap.swift */,
				0DE428AC2DF3BB640038E925 /* About.swift */,
				0D1203952DEE344E00E7B37D /* SectionCatalog */,
			);
			path = Subviews;
			sourceTree = "<group>";
		};
		0D12034A2DEE25B600E7B37D /* Views */ = {
			isa = PBXGroup;
			children = (
				0D1203412DEE257000E7B37D /* HomePage.swift */,
				0D4870C12DEF813100DFE143 /* PSPlayground.swift */,
				0D4870BF2DEF811900DFE143 /* PhotoSphereEngine.swift */,
			);
			path = Views;
			sourceTree = "<group>";
		};
		0D12038F2DEE344E00E7B37D /* ABLow */ = {
			isa = PBXGroup;
			children = (
				0D12038E2DEE344E00E7B37D /* Room1_13.swift */,
				0D4870B72DEE790C00DFE143 /* MiscABLow.swift */,
				0D1203922DEE344E00E7B37D /* ABLow.swift */,
			);
			path = ABLow;
			sourceTree = "<group>";
		};
		0D1203902DEE344E00E7B37D /* ABUp */ = {
			isa = PBXGroup;
			children = (
				0D4870B92DEF245700DFE143 /* Room20_37.swift */,
				0D4870BA2DEF245700DFE143 /* MiscABUp.swift */,
				0D4870BB2DEF245700DFE143 /* ABUp.swift */,
			);
			path = ABUp;
			sourceTree = "<group>";
		};
		0D1203912DEE344E00E7B37D /* RoomCatalog */ = {
			isa = PBXGroup;
			children = (
				0D1203902DEE344E00E7B37D /* ABUp */,
				0D12038F2DEE344E00E7B37D /* ABLow */,
			);
			path = RoomCatalog;
			sourceTree = "<group>";
		};
		0D1203952DEE344E00E7B37D /* SectionCatalog */ = {
			isa = PBXGroup;
			children = (
				0DE0DB7B2DF3B0D100A7D97C /* Maps */,
				0D1203912DEE344E00E7B37D /* RoomCatalog */,
				0D1203932DEE344E00E7B37D /* Other.swift */,
				0D1203942DEE344E00E7B37D /* SchoolBlock.swift */,
				0D4870B52DEE687D00DFE143 /* Houses.swift */,
			);
			path = SectionCatalog;
			sourceTree = "<group>";
		};
		0DE0DB7B2DF3B0D100A7D97C /* Maps */ = {
			isa = PBXGroup;
			children = (
				0DE0DB772DF3B0D100A7D97C /* ABLowMap.swift */,
				0DE0DB782DF3B0D100A7D97C /* ABUpMap.swift */,
				0DE0DB792DF3B0D100A7D97C /* CampusMap.swift */,
				0DE0DB7A2DF3B0D100A7D97C /* TrailMap.swift */,
			);
			path = Maps;
			sourceTree = "<group>";
		};
		81DE69062DD385B800315C5A = {
			isa = PBXGroup;
			children = (
				0D1203432DEE257000E7B37D /* SafeAreaExample */,
				81DE69102DD385B800315C5A /* Products */,
			);
			sourceTree = "<group>";
		};
		81DE69102DD385B800315C5A /* Products */ = {
			isa = PBXGroup;
			children = (
				81DE690F2DD385B800315C5A /* SafeAreaExample.app */,
			);
			name = Products;
			sourceTree = "<group>";
		};
/* End PBXGroup section */

/* Begin PBXNativeTarget section */
		81DE690E2DD385B800315C5A /* SafeAreaExample */ = {
			isa = PBXNativeTarget;
			buildConfigurationList = 81DE691D2DD385BA00315C5A /* Build configuration list for PBXNativeTarget "SafeAreaExample" */;
			buildPhases = (
				81DE690B2DD385B800315C5A /* Sources */,
				81DE690C2DD385B800315C5A /* Frameworks */,
				81DE690D2DD385B800315C5A /* Resources */,
			);
			buildRules = (
			);
			dependencies = (
			);
			name = SafeAreaExample;
			packageProductDependencies = (
			);
			productName = SafeAreaExample;
			productReference = 81DE690F2DD385B800315C5A /* SafeAreaExample.app */;
			productType = "com.apple.product-type.application";
		};
/* End PBXNativeTarget section */

/* Begin PBXProject section */
		81DE69072DD385B800315C5A /* Project object */ = {
			isa = PBXProject;
			attributes = {
				BuildIndependentTargetsInParallel = 1;
				LastSwiftUpdateCheck = 1620;
				LastUpgradeCheck = 1620;
				TargetAttributes = {
					81DE690E2DD385B800315C5A = {
						CreatedOnToolsVersion = 16.2;
					};
				};
			};
			buildConfigurationList = 81DE690A2DD385B800315C5A /* Build configuration list for PBXProject "SafeAreaExample" */;
			developmentRegion = en;
			hasScannedForEncodings = 0;
			knownRegions = (
				en,
				Base,
			);
			mainGroup = 81DE69062DD385B800315C5A;
			minimizedProjectReferenceProxies = 1;
			preferredProjectObjectVersion = 77;
			productRefGroup = 81DE69102DD385B800315C5A /* Products */;
			projectDirPath = "";
			projectRoot = "";
			targets = (
				81DE690E2DD385B800315C5A /* SafeAreaExample */,
			);
		};
/* End PBXProject section */

/* Begin PBXResourcesBuildPhase section */
		81DE690D2DD385B800315C5A /* Resources */ = {
			isa = PBXResourcesBuildPhase;
			buildActionMask = 2147483647;
			files = (
				0D1203472DEE257000E7B37D /* Preview Assets.xcassets in Resources */,
				0D1203482DEE257000E7B37D /* Assets.xcassets in Resources */,
			);
			runOnlyForDeploymentPostprocessing = 0;
		};
/* End PBXResourcesBuildPhase section */

/* Begin PBXSourcesBuildPhase section */
		81DE690B2DD385B800315C5A /* Sources */ = {
			isa = PBXSourcesBuildPhase;
			buildActionMask = 2147483647;
			files = (
				0D1203452DEE257000E7B37D /* HomePage.swift in Sources */,
				0D12034E2DEE26F800E7B37D /* MasterCatalog.swift in Sources */,
				0D4870B62DEE687D00DFE143 /* Houses.swift in Sources */,
				0D4870B82DEE790C00DFE143 /* MiscABLow.swift in Sources */,
				0D4870BC2DEF245700DFE143 /* ABUp.swift in Sources */,
				0DE428AD2DF3BB640038E925 /* About.swift in Sources */,
				0D4870BD2DEF245700DFE143 /* Room20_37.swift in Sources */,
				0D4870BE2DEF245700DFE143 /* MiscABUp.swift in Sources */,
				0D1203A32DEE344E00E7B37D /* Room1_13.swift in Sources */,
				0D4870C22DEF813100DFE143 /* PSPlayground.swift in Sources */,
				0D1203A42DEE344E00E7B37D /* ABLow.swift in Sources */,
				0D1203A52DEE344E00E7B37D /* Other.swift in Sources */,
				0D4870C02DEF811B00DFE143 /* PhotoSphereEngine.swift in Sources */,
				0DE0DB7C2DF3B0D100A7D97C /* ABLowMap.swift in Sources */,
				0DE0DB7D2DF3B0D100A7D97C /* ABUpMap.swift in Sources */,
				0DE0DB7E2DF3B0D100A7D97C /* CampusMap.swift in Sources */,
				0DE0DB7F2DF3B0D100A7D97C /* TrailMap.swift in Sources */,
				0D1203A62DEE344E00E7B37D /* SchoolBlock.swift in Sources */,
				0DE411D22DF1FAFD00E6BCF9 /* RawMap.swift in Sources */,
				0D1203462DEE257000E7B37D /* SafeAreaExampleApp.swift in Sources */,
			);
			runOnlyForDeploymentPostprocessing = 0;
		};
/* End PBXSourcesBuildPhase section */

/* Begin XCBuildConfiguration section */
		81DE691B2DD385BA00315C5A /* Debug */ = {
			isa = XCBuildConfiguration;
			buildSettings = {
				ALWAYS_SEARCH_USER_PATHS = NO;
				ASSETCATALOG_COMPILER_GENERATE_SWIFT_ASSET_SYMBOL_EXTENSIONS = YES;
				CLANG_ANALYZER_NONNULL = YES;
				CLANG_ANALYZER_NUMBER_OBJECT_CONVERSION = YES_AGGRESSIVE;
				CLANG_CXX_LANGUAGE_STANDARD = "gnu++20";
				CLANG_ENABLE_MODULES = YES;
				CLANG_ENABLE_OBJC_ARC = YES;
				CLANG_ENABLE_OBJC_WEAK = YES;
				CLANG_WARN_BLOCK_CAPTURE_AUTORELEASING = YES;
				CLANG_WARN_BOOL_CONVERSION = YES;
				CLANG_WARN_COMMA = YES;
				CLANG_WARN_CONSTANT_CONVERSION = YES;
				CLANG_WARN_DEPRECATED_OBJC_IMPLEMENTATIONS = YES;
				CLANG_WARN_DIRECT_OBJC_ISA_USAGE = YES_ERROR;
				CLANG_WARN_DOCUMENTATION_COMMENTS = YES;
				CLANG_WARN_EMPTY_BODY = YES;
				CLANG_WARN_ENUM_CONVERSION = YES;
				CLANG_WARN_INFINITE_RECURSION = YES;
				CLANG_WARN_INT_CONVERSION = YES;
				CLANG_WARN_NON_LITERAL_NULL_CONVERSION = YES;
				CLANG_WARN_OBJC_IMPLICIT_RETAIN_SELF = YES;
				CLANG_WARN_OBJC_LITERAL_CONVERSION = YES;
				CLANG_WARN_OBJC_ROOT_CLASS = YES_ERROR;
				CLANG_WARN_QUOTED_INCLUDE_IN_FRAMEWORK_HEADER = YES;
				CLANG_WARN_RANGE_LOOP_ANALYSIS = YES;
				CLANG_WARN_STRICT_PROTOTYPES = YES;
				CLANG_WARN_SUSPICIOUS_MOVE = YES;
				CLANG_WARN_UNGUARDED_AVAILABILITY = YES_AGGRESSIVE;
				CLANG_WARN_UNREACHABLE_CODE = YES;
				CLANG_WARN__DUPLICATE_METHOD_MATCH = YES;
				COPY_PHASE_STRIP = NO;
				DEBUG_INFORMATION_FORMAT = dwarf;
				ENABLE_STRICT_OBJC_MSGSEND = YES;
				ENABLE_TESTABILITY = YES;
				ENABLE_USER_SCRIPT_SANDBOXING = YES;
				GCC_C_LANGUAGE_STANDARD = gnu17;
				GCC_DYNAMIC_NO_PIC = NO;
				GCC_NO_COMMON_BLOCKS = YES;
				GCC_OPTIMIZATION_LEVEL = 0;
				GCC_PREPROCESSOR_DEFINITIONS = (
					"DEBUG=1",
					"$(inherited)",
				);
				GCC_WARN_64_TO_32_BIT_CONVERSION = YES;
				GCC_WARN_ABOUT_RETURN_TYPE = YES_ERROR;
				GCC_WARN_UNDECLARED_SELECTOR = YES;
				GCC_WARN_UNINITIALIZED_AUTOS = YES_AGGRESSIVE;
				GCC_WARN_UNUSED_FUNCTION = YES;
				GCC_WARN_UNUSED_VARIABLE = YES;
				IPHONEOS_DEPLOYMENT_TARGET = 18.2;
				LOCALIZATION_PREFERS_STRING_CATALOGS = YES;
				MTL_ENABLE_DEBUG_INFO = INCLUDE_SOURCE;
				MTL_FAST_MATH = YES;
				ONLY_ACTIVE_ARCH = YES;
				SDKROOT = iphoneos;
				SWIFT_ACTIVE_COMPILATION_CONDITIONS = "DEBUG $(inherited)";
				SWIFT_OPTIMIZATION_LEVEL = "-Onone";
			};
			name = Debug;
		};
		81DE691C2DD385BA00315C5A /* Release */ = {
			isa = XCBuildConfiguration;
			buildSettings = {
				ALWAYS_SEARCH_USER_PATHS = NO;
				ASSETCATALOG_COMPILER_GENERATE_SWIFT_ASSET_SYMBOL_EXTENSIONS = YES;
				CLANG_ANALYZER_NONNULL = YES;
				CLANG_ANALYZER_NUMBER_OBJECT_CONVERSION = YES_AGGRESSIVE;
				CLANG_CXX_LANGUAGE_STANDARD = "gnu++20";
				CLANG_ENABLE_MODULES = YES;
				CLANG_ENABLE_OBJC_ARC = YES;
				CLANG_ENABLE_OBJC_WEAK = YES;
				CLANG_WARN_BLOCK_CAPTURE_AUTORELEASING = YES;
				CLANG_WARN_BOOL_CONVERSION = YES;
				CLANG_WARN_COMMA = YES;
				CLANG_WARN_CONSTANT_CONVERSION = YES;
				CLANG_WARN_DEPRECATED_OBJC_IMPLEMENTATIONS = YES;
				CLANG_WARN_DIRECT_OBJC_ISA_USAGE = YES_ERROR;
				CLANG_WARN_DOCUMENTATION_COMMENTS = YES;
				CLANG_WARN_EMPTY_BODY = YES;
				CLANG_WARN_ENUM_CONVERSION = YES;
				CLANG_WARN_INFINITE_RECURSION = YES;
				CLANG_WARN_INT_CONVERSION = YES;
				CLANG_WARN_NON_LITERAL_NULL_CONVERSION = YES;
				CLANG_WARN_OBJC_IMPLICIT_RETAIN_SELF = YES;
				CLANG_WARN_OBJC_LITERAL_CONVERSION = YES;
				CLANG_WARN_OBJC_ROOT_CLASS = YES_ERROR;
				CLANG_WARN_QUOTED_INCLUDE_IN_FRAMEWORK_HEADER = YES;
				CLANG_WARN_RANGE_LOOP_ANALYSIS = YES;
				CLANG_WARN_STRICT_PROTOTYPES = YES;
				CLANG_WARN_SUSPICIOUS_MOVE = YES;
				CLANG_WARN_UNGUARDED_AVAILABILITY = YES_AGGRESSIVE;
				CLANG_WARN_UNREACHABLE_CODE = YES;
				CLANG_WARN__DUPLICATE_METHOD_MATCH = YES;
				COPY_PHASE_STRIP = NO;
				DEBUG_INFORMATION_FORMAT = "dwarf-with-dsym";
				ENABLE_NS_ASSERTIONS = NO;
				ENABLE_STRICT_OBJC_MSGSEND = YES;
				ENABLE_USER_SCRIPT_SANDBOXING = YES;
				GCC_C_LANGUAGE_STANDARD = gnu17;
				GCC_NO_COMMON_BLOCKS = YES;
				GCC_WARN_64_TO_32_BIT_CONVERSION = YES;
				GCC_WARN_ABOUT_RETURN_TYPE = YES_ERROR;
				GCC_WARN_UNDECLARED_SELECTOR = YES;
				GCC_WARN_UNINITIALIZED_AUTOS = YES_AGGRESSIVE;
				GCC_WARN_UNUSED_FUNCTION = YES;
				GCC_WARN_UNUSED_VARIABLE = YES;
				IPHONEOS_DEPLOYMENT_TARGET = 18.2;
				LOCALIZATION_PREFERS_STRING_CATALOGS = YES;
				MTL_ENABLE_DEBUG_INFO = NO;
				MTL_FAST_MATH = YES;
				SDKROOT = iphoneos;
				SWIFT_COMPILATION_MODE = wholemodule;
				VALIDATE_PRODUCT = YES;
			};
			name = Release;
		};
		81DE691E2DD385BA00315C5A /* Debug */ = {
			isa = XCBuildConfiguration;
			buildSettings = {
				ASSETCATALOG_COMPILER_APPICON_NAME = AppIcon;
				ASSETCATALOG_COMPILER_GLOBAL_ACCENT_COLOR_NAME = AccentColor;
				CODE_SIGN_STYLE = Automatic;
				CURRENT_PROJECT_VERSION = 1;
				DEVELOPMENT_ASSET_PATHS = "\"SafeAreaExample/Preview Content\"";
				DEVELOPMENT_TEAM = A65385G2QP;
				ENABLE_PREVIEWS = YES;
				GENERATE_INFOPLIST_FILE = YES;
				INFOPLIST_KEY_UIApplicationSceneManifest_Generation = YES;
				INFOPLIST_KEY_UIApplicationSupportsIndirectInputEvents = YES;
				INFOPLIST_KEY_UILaunchScreen_Generation = YES;
				INFOPLIST_KEY_UISupportedInterfaceOrientations_iPad = "UIInterfaceOrientationPortrait UIInterfaceOrientationPortraitUpsideDown UIInterfaceOrientationLandscapeLeft UIInterfaceOrientationLandscapeRight";
				INFOPLIST_KEY_UISupportedInterfaceOrientations_iPhone = "UIInterfaceOrientationPortrait UIInterfaceOrientationLandscapeLeft UIInterfaceOrientationLandscapeRight";
				LD_RUNPATH_SEARCH_PATHS = (
					"$(inherited)",
					"@executable_path/Frameworks",
				);
				MARKETING_VERSION = 1.0;
				PRODUCT_BUNDLE_IDENTIFIER = ca.russellgordon.SafeAreaExample;
				PRODUCT_NAME = "$(TARGET_NAME)";
				SWIFT_EMIT_LOC_STRINGS = YES;
				SWIFT_VERSION = 5.0;
				TARGETED_DEVICE_FAMILY = "1,2";
			};
			name = Debug;
		};
		81DE691F2DD385BA00315C5A /* Release */ = {
			isa = XCBuildConfiguration;
			buildSettings = {
				ASSETCATALOG_COMPILER_APPICON_NAME = AppIcon;
				ASSETCATALOG_COMPILER_GLOBAL_ACCENT_COLOR_NAME = AccentColor;
				CODE_SIGN_STYLE = Automatic;
				CURRENT_PROJECT_VERSION = 1;
				DEVELOPMENT_ASSET_PATHS = "\"SafeAreaExample/Preview Content\"";
				DEVELOPMENT_TEAM = A65385G2QP;
				ENABLE_PREVIEWS = YES;
				GENERATE_INFOPLIST_FILE = YES;
				INFOPLIST_KEY_UIApplicationSceneManifest_Generation = YES;
				INFOPLIST_KEY_UIApplicationSupportsIndirectInputEvents = YES;
				INFOPLIST_KEY_UILaunchScreen_Generation = YES;
				INFOPLIST_KEY_UISupportedInterfaceOrientations_iPad = "UIInterfaceOrientationPortrait UIInterfaceOrientationPortraitUpsideDown UIInterfaceOrientationLandscapeLeft UIInterfaceOrientationLandscapeRight";
				INFOPLIST_KEY_UISupportedInterfaceOrientations_iPhone = "UIInterfaceOrientationPortrait UIInterfaceOrientationLandscapeLeft UIInterfaceOrientationLandscapeRight";
				LD_RUNPATH_SEARCH_PATHS = (
					"$(inherited)",
					"@executable_path/Frameworks",
				);
				MARKETING_VERSION = 1.0;
				PRODUCT_BUNDLE_IDENTIFIER = ca.russellgordon.SafeAreaExample;
				PRODUCT_NAME = "$(TARGET_NAME)";
				SWIFT_EMIT_LOC_STRINGS = YES;
				SWIFT_VERSION = 5.0;
				TARGETED_DEVICE_FAMILY = "1,2";
			};
			name = Release;
		};
/* End XCBuildConfiguration section */

/* Begin XCConfigurationList section */
		81DE690A2DD385B800315C5A /* Build configuration list for PBXProject "SafeAreaExample" */ = {
			isa = XCConfigurationList;
			buildConfigurations = (
				81DE691B2DD385BA00315C5A /* Debug */,
				81DE691C2DD385BA00315C5A /* Release */,
			);
			defaultConfigurationIsVisible = 0;
			defaultConfigurationName = Release;
		};
		81DE691D2DD385BA00315C5A /* Build configuration list for PBXNativeTarget "SafeAreaExample" */ = {
			isa = XCConfigurationList;
			buildConfigurations = (
				81DE691E2DD385BA00315C5A /* Debug */,
				81DE691F2DD385BA00315C5A /* Release */,
			);
			defaultConfigurationIsVisible = 0;
			defaultConfigurationName = Release;
		};
/* End XCConfigurationList section */
	};
	rootObject = 81DE69072DD385B800315C5A /* Project object */;
}
